
Microsoft Visual Studio Solution File, Format Version 12.00
# Visual Studio Version 16
VisualStudioVersion = 16.0.29911.84
MinimumVisualStudioVersion = 10.0.40219.1
Project("{FAE04EC0-301F-11D3-BF4B-00C04F79EFBC}") = "Minos.Domain", "Minos.Domain\Minos.Domain.csproj", "{116CFE6D-AEF0-47D0-A079-29CC3DE45F1E}"
EndProject
Project("{FAE04EC0-301F-11D3-BF4B-00C04F79EFBC}") = "Minos.Engine", "Minos.Engine\Minos.Engine.csproj", "{98A7A886-A977-4025-A78B-D16309E24DBE}"
EndProject
Project("{FAE04EC0-301F-11D3-BF4B-00C04F79EFBC}") = "Minos.Web", "Minos.Web\Minos.Web.csproj", "{8BA6E602-A128-4B50-AF75-68090EFFA104}"
EndProject
Global
	GlobalSection(SolutionConfigurationPlatforms) = preSolution
		Debug|Any CPU = Debug|Any CPU
		Release|Any CPU = Release|Any CPU
	EndGlobalSection
	GlobalSection(ProjectConfigurationPlatforms) = postSolution
		{116CFE6D-AEF0-47D0-A079-29CC3DE45F1E}.Debug|Any CPU.ActiveCfg = Debug|Any CPU
		{116CFE6D-AEF0-47D0-A079-29CC3DE45F1E}.Debug|Any CPU.Build.0 = Debug|Any CPU
		{116CFE6D-AEF0-47D0-A079-29CC3DE45F1E}.Release|Any CPU.ActiveCfg = Release|Any CPU
		{116CFE6D-AEF0-47D0-A079-29CC3DE45F1E}.Release|Any CPU.Build.0 = Release|Any CPU
		{98A7A886-A977-4025-A78B-D16309E24DBE}.Debug|Any CPU.ActiveCfg = Debug|Any CPU
		{98A7A886-A977-4025-A78B-D16309E24DBE}.Debug|Any CPU.Build.0 = Debug|Any CPU
		{98A7A886-A977-4025-A78B-D16309E24DBE}.Release|Any CPU.ActiveCfg = Release|Any CPU
		{98A7A886-A977-4025-A78B-D16309E24DBE}.Release|Any CPU.Build.0 = Release|Any CPU
		{8BA6E602-A128-4B50-AF75-68090EFFA104}.Debug|Any CPU.ActiveCfg = Debug|Any CPU
		{8BA6E602-A128-4B50-AF75-68090EFFA104}.Debug|Any CPU.Build.0 = Debug|Any CPU
		{8BA6E602-A128-4B50-AF75-68090EFFA104}.Release|Any CPU.ActiveCfg = Release|Any CPU
		{8BA6E602-A128-4B50-AF75-68090EFFA104}.Release|Any CPU.Build.0 = Release|Any CPU
	EndGlobalSection
	GlobalSection(SolutionProperties) = preSolution
		HideSolutionNode = FALSE
	EndGlobalSection
	GlobalSection(ExtensibilityGlobals) = postSolution
		SolutionGuid = {73A16CAC-1F2B-4A0F-96F8-0EB61D51624B}
	EndGlobalSection
EndGlobal
